// !$*UTF8*$!
{
	archiveVersion = 1;
	classes = {
	};
	objectVersion = 46;
	objects = {

/* Begin PBXBuildFile section */
		2C52C9F818871BDC00ACFC81 /* UIKit.framework in Frameworks */ = {isa = PBXBuildFile; fileRef = 2C52C9F718871BDC00ACFC81 /* UIKit.framework */; };
		2C52C9FA18871BDC00ACFC81 /* Foundation.framework in Frameworks */ = {isa = PBXBuildFile; fileRef = 2C52C9F918871BDC00ACFC81 /* Foundation.framework */; };
		2C52C9FC18871BDC00ACFC81 /* CoreGraphics.framework in Frameworks */ = {isa = PBXBuildFile; fileRef = 2C52C9FB18871BDC00ACFC81 /* CoreGraphics.framework */; };
		2C52CA0218871BDC00ACFC81 /* InfoPlist.strings in Resources */ = {isa = PBXBuildFile; fileRef = 2C52CA0018871BDC00ACFC81 /* InfoPlist.strings */; };
		2C52CA0418871BDC00ACFC81 /* main.m in Sources */ = {isa = PBXBuildFile; fileRef = 2C52CA0318871BDC00ACFC81 /* main.m */; };
		2C52CA0818871BDC00ACFC81 /* QuizAppDelegate.m in Sources */ = {isa = PBXBuildFile; fileRef = 2C52CA0718871BDC00ACFC81 /* QuizAppDelegate.m */; };
		2C52CA0B18871BDC00ACFC81 /* MainStoryboard.storyboard in Resources */ = {isa = PBXBuildFile; fileRef = 2C52CA0918871BDC00ACFC81 /* MainStoryboard.storyboard */; };
		2C52CA0E18871BDC00ACFC81 /* QuizViewController.m in Sources */ = {isa = PBXBuildFile; fileRef = 2C52CA0D18871BDC00ACFC81 /* QuizViewController.m */; };
		2C52CA1618871BDD00ACFC81 /* SenTestingKit.framework in Frameworks */ = {isa = PBXBuildFile; fileRef = 2C52CA1518871BDD00ACFC81 /* SenTestingKit.framework */; };
		2C52CA1718871BDD00ACFC81 /* UIKit.framework in Frameworks */ = {isa = PBXBuildFile; fileRef = 2C52C9F718871BDC00ACFC81 /* UIKit.framework */; };
		2C52CA1818871BDD00ACFC81 /* Foundation.framework in Frameworks */ = {isa = PBXBuildFile; fileRef = 2C52C9F918871BDC00ACFC81 /* Foundation.framework */; };
		2C52CA2018871BDD00ACFC81 /* InfoPlist.strings in Resources */ = {isa = PBXBuildFile; fileRef = 2C52CA1E18871BDD00ACFC81 /* InfoPlist.strings */; };
		2C52CA2318871BDD00ACFC81 /* QuizTests.m in Sources */ = {isa = PBXBuildFile; fileRef = 2C52CA2218871BDD00ACFC81 /* QuizTests.m */; };
/* End PBXBuildFile section */

/* Begin PBXContainerItemProxy section */
		2C52CA1918871BDD00ACFC81 /* PBXContainerItemProxy */ = {
			isa = PBXContainerItemProxy;
			containerPortal = 2C52C9EA18871BDC00ACFC81 /* Project object */;
			proxyType = 1;
			remoteGlobalIDString = 2C52C9F218871BDC00ACFC81;
			remoteInfo = Quiz;
		};
/* End PBXContainerItemProxy section */

/* Begin PBXFileReference section */
		2C52C9F318871BDC00ACFC81 /* Quiz.app */ = {isa = PBXFileReference; explicitFileType = wrapper.application; includeInIndex = 0; path = Quiz.app; sourceTree = BUILT_PRODUCTS_DIR; };
		2C52C9F718871BDC00ACFC81 /* UIKit.framework */ = {isa = PBXFileReference; lastKnownFileType = wrapper.framework; name = UIKit.framework; path = System/Library/Frameworks/UIKit.framework; sourceTree = SDKROOT; };
		2C52C9F918871BDC00ACFC81 /* Foundation.framework */ = {isa = PBXFileReference; lastKnownFileType = wrapper.framework; name = Foundation.framework; path = System/Library/Frameworks/Foundation.framework; sourceTree = SDKROOT; };
		2C52C9FB18871BDC00ACFC81 /* CoreGraphics.framework */ = {isa = PBXFileReference; lastKnownFileType = wrapper.framework; name = CoreGraphics.framework; path = System/Library/Frameworks/CoreGraphics.framework; sourceTree = SDKROOT; };
		2C52C9FF18871BDC00ACFC81 /* Quiz-Info.plist */ = {isa = PBXFileReference; lastKnownFileType = text.plist.xml; path = "Quiz-Info.plist"; sourceTree = "<group>"; };
		2C52CA0118871BDC00ACFC81 /* en */ = {isa = PBXFileReference; lastKnownFileType = text.plist.strings; name = en; path = en.lproj/InfoPlist.strings; sourceTree = "<group>"; };
		2C52CA0318871BDC00ACFC81 /* main.m */ = {isa = PBXFileReference; lastKnownFileType = sourcecode.c.objc; path = main.m; sourceTree = "<group>"; };
		2C52CA0518871BDC00ACFC81 /* Quiz-Prefix.pch */ = {isa = PBXFileReference; lastKnownFileType = sourcecode.c.h; path = "Quiz-Prefix.pch"; sourceTree = "<group>"; };
		2C52CA0618871BDC00ACFC81 /* QuizAppDelegate.h */ = {isa = PBXFileReference; lastKnownFileType = sourcecode.c.h; path = QuizAppDelegate.h; sourceTree = "<group>"; };
		2C52CA0718871BDC00ACFC81 /* QuizAppDelegate.m */ = {isa = PBXFileReference; lastKnownFileType = sourcecode.c.objc; path = QuizAppDelegate.m; sourceTree = "<group>"; };
		2C52CA0A18871BDC00ACFC81 /* en */ = {isa = PBXFileReference; lastKnownFileType = file.storyboard; name = en; path = en.lproj/MainStoryboard.storyboard; sourceTree = "<group>"; };
		2C52CA0C18871BDC00ACFC81 /* QuizViewController.h */ = {isa = PBXFileReference; lastKnownFileType = sourcecode.c.h; path = QuizViewController.h; sourceTree = "<group>"; };
		2C52CA0D18871BDC00ACFC81 /* QuizViewController.m */ = {isa = PBXFileReference; lastKnownFileType = sourcecode.c.objc; path = QuizViewController.m; sourceTree = "<group>"; };
		2C52CA1418871BDD00ACFC81 /* QuizTests.octest */ = {isa = PBXFileReference; explicitFileType = wrapper.cfbundle; includeInIndex = 0; path = QuizTests.octest; sourceTree = BUILT_PRODUCTS_DIR; };
		2C52CA1518871BDD00ACFC81 /* SenTestingKit.framework */ = {isa = PBXFileReference; lastKnownFileType = wrapper.framework; name = SenTestingKit.framework; path = Library/Frameworks/SenTestingKit.framework; sourceTree = DEVELOPER_DIR; };
		2C52CA1D18871BDD00ACFC81 /* QuizTests-Info.plist */ = {isa = PBXFileReference; lastKnownFileType = text.plist.xml; path = "QuizTests-Info.plist"; sourceTree = "<group>"; };
		2C52CA1F18871BDD00ACFC81 /* en */ = {isa = PBXFileReference; lastKnownFileType = text.plist.strings; name = en; path = en.lproj/InfoPlist.strings; sourceTree = "<group>"; };
		2C52CA2118871BDD00ACFC81 /* QuizTests.h */ = {isa = PBXFileReference; lastKnownFileType = sourcecode.c.h; path = QuizTests.h; sourceTree = "<group>"; };
		2C52CA2218871BDD00ACFC81 /* QuizTests.m */ = {isa = PBXFileReference; lastKnownFileType = sourcecode.c.objc; path = QuizTests.m; sourceTree = "<group>"; };
/* End PBXFileReference section */

/* Begin PBXFrameworksBuildPhase section */
		2C52C9F018871BDC00ACFC81 /* Frameworks */ = {
			isa = PBXFrameworksBuildPhase;
			buildActionMask = 2147483647;
			files = (
				2C52C9F818871BDC00ACFC81 /* UIKit.framework in Frameworks */,
				2C52C9FA18871BDC00ACFC81 /* Foundation.framework in Frameworks */,
				2C52C9FC18871BDC00ACFC81 /* CoreGraphics.framework in Frameworks */,
			);
			runOnlyForDeploymentPostprocessing = 0;
		};
		2C52CA1018871BDC00ACFC81 /* Frameworks */ = {
			isa = PBXFrameworksBuildPhase;
			buildActionMask = 2147483647;
			files = (
				2C52CA1618871BDD00ACFC81 /* SenTestingKit.framework in Frameworks */,
				2C52CA1718871BDD00ACFC81 /* UIKit.framework in Frameworks */,
				2C52CA1818871BDD00ACFC81 /* Foundation.framework in Frameworks */,
			);
			runOnlyForDeploymentPostprocessing = 0;
		};
/* End PBXFrameworksBuildPhase section */

/* Begin PBXGroup section */
		2C52C9E818871BDC00ACFC81 = {
			isa = PBXGroup;
			children = (
				2C52C9FD18871BDC00ACFC81 /* Quiz */,
				2C52CA1B18871BDD00ACFC81 /* QuizTests */,
				2C52C9F618871BDC00ACFC81 /* Frameworks */,
				2C52C9F418871BDC00ACFC81 /* Products */,
			);
			sourceTree = "<group>";
		};
		2C52C9F418871BDC00ACFC81 /* Products */ = {
			isa = PBXGroup;
			children = (
				2C52C9F318871BDC00ACFC81 /* Quiz.app */,
				2C52CA1418871BDD00ACFC81 /* QuizTests.octest */,
			);
			name = Products;
			sourceTree = "<group>";
		};
		2C52C9F618871BDC00ACFC81 /* Frameworks */ = {
			isa = PBXGroup;
			children = (
				2C52C9F718871BDC00ACFC81 /* UIKit.framework */,
				2C52C9F918871BDC00ACFC81 /* Foundation.framework */,
				2C52C9FB18871BDC00ACFC81 /* CoreGraphics.framework */,
				2C52CA1518871BDD00ACFC81 /* SenTestingKit.framework */,
			);
			name = Frameworks;
			sourceTree = "<group>";
		};
		2C52C9FD18871BDC00ACFC81 /* Quiz */ = {
			isa = PBXGroup;
			children = (
				2C52CA0618871BDC00ACFC81 /* QuizAppDelegate.h */,
				2C52CA0718871BDC00ACFC81 /* QuizAppDelegate.m */,
				2C52CA0918871BDC00ACFC81 /* MainStoryboard.storyboard */,
				2C52CA0C18871BDC00ACFC81 /* QuizViewController.h */,
				2C52CA0D18871BDC00ACFC81 /* QuizViewController.m */,
				2C52C9FE18871BDC00ACFC81 /* Supporting Files */,
			);
			path = Quiz;
			sourceTree = "<group>";
		};
		2C52C9FE18871BDC00ACFC81 /* Supporting Files */ = {
			isa = PBXGroup;
			children = (
				2C52C9FF18871BDC00ACFC81 /* Quiz-Info.plist */,
				2C52CA0018871BDC00ACFC81 /* InfoPlist.strings */,
				2C52CA0318871BDC00ACFC81 /* main.m */,
				2C52CA0518871BDC00ACFC81 /* Quiz-Prefix.pch */,
			);
			name = "Supporting Files";
			sourceTree = "<group>";
		};
		2C52CA1B18871BDD00ACFC81 /* QuizTests */ = {
			isa = PBXGroup;
			children = (
				2C52CA2118871BDD00ACFC81 /* QuizTests.h */,
				2C52CA2218871BDD00ACFC81 /* QuizTests.m */,
				2C52CA1C18871BDD00ACFC81 /* Supporting Files */,
			);
			path = QuizTests;
			sourceTree = "<group>";
		};
		2C52CA1C18871BDD00ACFC81 /* Supporting Files */ = {
			isa = PBXGroup;
			children = (
				2C52CA1D18871BDD00ACFC81 /* QuizTests-Info.plist */,
				2C52CA1E18871BDD00ACFC81 /* InfoPlist.strings */,
			);
			name = "Supporting Files";
			sourceTree = "<group>";
		};
/* End PBXGroup section */

/* Begin PBXNativeTarget section */
		2C52C9F218871BDC00ACFC81 /* Quiz */ = {
			isa = PBXNativeTarget;
			buildConfigurationList = 2C52CA2618871BDD00ACFC81 /* Build configuration list for PBXNativeTarget "Quiz" */;
			buildPhases = (
				2C52C9EF18871BDC00ACFC81 /* Sources */,
				2C52C9F018871BDC00ACFC81 /* Frameworks */,
				2C52C9F118871BDC00ACFC81 /* Resources */,
			);
			buildRules = (
			);
			dependencies = (
			);
			name = Quiz;
			productName = Quiz;
			productReference = 2C52C9F318871BDC00ACFC81 /* Quiz.app */;
			productType = "com.apple.product-type.application";
		};
		2C52CA1318871BDC00ACFC81 /* QuizTests */ = {
			isa = PBXNativeTarget;
			buildConfigurationList = 2C52CA2918871BDD00ACFC81 /* Build configuration list for PBXNativeTarget "QuizTests" */;
			buildPhases = (
				2C52CA0F18871BDC00ACFC81 /* Sources */,
				2C52CA1018871BDC00ACFC81 /* Frameworks */,
				2C52CA1118871BDC00ACFC81 /* Resources */,
				2C52CA1218871BDC00ACFC81 /* ShellScript */,
			);
			buildRules = (
			);
			dependencies = (
				2C52CA1A18871BDD00ACFC81 /* PBXTargetDependency */,
			);
			name = QuizTests;
			productName = QuizTests;
			productReference = 2C52CA1418871BDD00ACFC81 /* QuizTests.octest */;
			productType = "com.apple.product-type.bundle";
		};
/* End PBXNativeTarget section */

/* Begin PBXProject section */
		2C52C9EA18871BDC00ACFC81 /* Project object */ = {
			isa = PBXProject;
			attributes = {
				CLASSPREFIX = Quiz;
				LastUpgradeCheck = 0440;
				ORGANIZATIONNAME = "Rachel Johnson";
			};
			buildConfigurationList = 2C52C9ED18871BDC00ACFC81 /* Build configuration list for PBXProject "Quiz" */;
			compatibilityVersion = "Xcode 3.2";
			developmentRegion = English;
			hasScannedForEncodings = 0;
			knownRegions = (
				en,
			);
			mainGroup = 2C52C9E818871BDC00ACFC81;
			productRefGroup = 2C52C9F418871BDC00ACFC81 /* Products */;
			projectDirPath = "";
			projectRoot = "";
			targets = (
				2C52C9F218871BDC00ACFC81 /* Quiz */,
				2C52CA1318871BDC00ACFC81 /* QuizTests */,
			);
		};
/* End PBXProject section */

/* Begin PBXResourcesBuildPhase section */
		2C52C9F118871BDC00ACFC81 /* Resources */ = {
			isa = PBXResourcesBuildPhase;
			buildActionMask = 2147483647;
			files = (
				2C52CA0218871BDC00ACFC81 /* InfoPlist.strings in Resources */,
				2C52CA0B18871BDC00ACFC81 /* MainStoryboard.storyboard in Resources */,
			);
			runOnlyForDeploymentPostprocessing = 0;
		};
		2C52CA1118871BDC00ACFC81 /* Resources */ = {
			isa = PBXResourcesBuildPhase;
			buildActionMask = 2147483647;
			files = (
				2C52CA2018871BDD00ACFC81 /* InfoPlist.strings in Resources */,
			);
			runOnlyForDeploymentPostprocessing = 0;
		};
/* End PBXResourcesBuildPhase section */

/* Begin PBXShellScriptBuildPhase section */
		2C52CA1218871BDC00ACFC81 /* ShellScript */ = {
			isa = PBXShellScriptBuildPhase;
			buildActionMask = 2147483647;
			files = (
			);
			inputPaths = (
			);
			outputPaths = (
			);
			runOnlyForDeploymentPostprocessing = 0;
			shellPath = /bin/sh;
			shellScript = "# Run the unit tests in this test bundle.\n\"${SYSTEM_DEVELOPER_DIR}/Tools/RunUnitTests\"\n";
		};
/* End PBXShellScriptBuildPhase section */

/* Begin PBXSourcesBuildPhase section */
		2C52C9EF18871BDC00ACFC81 /* Sources */ = {
			isa = PBXSourcesBuildPhase;
			buildActionMask = 2147483647;
			files = (
				2C52CA0418871BDC00ACFC81 /* main.m in Sources */,
				2C52CA0818871BDC00ACFC81 /* QuizAppDelegate.m in Sources */,
				2C52CA0E18871BDC00ACFC81 /* QuizViewController.m in Sources */,
			);
			runOnlyForDeploymentPostprocessing = 0;
		};
		2C52CA0F18871BDC00ACFC81 /* Sources */ = {
			isa = PBXSourcesBuildPhase;
			buildActionMask = 2147483647;
			files = (
				2C52CA2318871BDD00ACFC81 /* QuizTests.m in Sources */,
			);
			runOnlyForDeploymentPostprocessing = 0;
		};
/* End PBXSourcesBuildPhase section */

/* Begin PBXTargetDependency section */
		2C52CA1A18871BDD00ACFC81 /* PBXTargetDependency */ = {
			isa = PBXTargetDependency;
			target = 2C52C9F218871BDC00ACFC81 /* Quiz */;
			targetProxy = 2C52CA1918871BDD00ACFC81 /* PBXContainerItemProxy */;
		};
/* End PBXTargetDependency section */

/* Begin PBXVariantGroup section */
		2C52CA0018871BDC00ACFC81 /* InfoPlist.strings */ = {
			isa = PBXVariantGroup;
			children = (
				2C52CA0118871BDC00ACFC81 /* en */,
			);
			name = InfoPlist.strings;
			sourceTree = "<group>";
		};
		2C52CA0918871BDC00ACFC81 /* MainStoryboard.storyboard */ = {
			isa = PBXVariantGroup;
			children = (
				2C52CA0A18871BDC00ACFC81 /* en */,
			);
			name = MainStoryboard.storyboard;
			sourceTree = "<group>";
		};
		2C52CA1E18871BDD00ACFC81 /* InfoPlist.strings */ = {
			isa = PBXVariantGroup;
			children = (
				2C52CA1F18871BDD00ACFC81 /* en */,
			);
			name = InfoPlist.strings;
			sourceTree = "<group>";
		};
/* End PBXVariantGroup section */

/* Begin XCBuildConfiguration section */
		2C52CA2418871BDD00ACFC81 /* Debug */ = {
			isa = XCBuildConfiguration;
			buildSettings = {
				ALWAYS_SEARCH_USER_PATHS = NO;
				ARCHS = "$(ARCHS_STANDARD_32_BIT)";
				CLANG_CXX_LANGUAGE_STANDARD = "gnu++0x";
				CLANG_ENABLE_OBJC_ARC = YES;
				CLANG_WARN__DUPLICATE_METHOD_MATCH = YES;
				"CODE_SIGN_IDENTITY[sdk=iphoneos*]" = "iPhone Developer";
				COPY_PHASE_STRIP = NO;
				GCC_C_LANGUAGE_STANDARD = gnu99;
				GCC_DYNAMIC_NO_PIC = NO;
				GCC_OPTIMIZATION_LEVEL = 0;
				GCC_PREPROCESSOR_DEFINITIONS = (
					"DEBUG=1",
					"$(inherited)",
				);
				GCC_SYMBOLS_PRIVATE_EXTERN = NO;
				GCC_VERSION = com.apple.compilers.llvm.clang.1_0;
				GCC_WARN_ABOUT_RETURN_TYPE = YES;
				GCC_WARN_UNINITIALIZED_AUTOS = YES;
				GCC_WARN_UNUSED_VARIABLE = YES;
				IPHONEOS_DEPLOYMENT_TARGET = 5.1;
				SDKROOT = iphoneos;
			};
			name = Debug;
		};
		2C52CA2518871BDD00ACFC81 /* Release */ = {
			isa = XCBuildConfiguration;
			buildSettings = {
				ALWAYS_SEARCH_USER_PATHS = NO;
				ARCHS = "$(ARCHS_STANDARD_32_BIT)";
				CLANG_CXX_LANGUAGE_STANDARD = "gnu++0x";
				CLANG_ENABLE_OBJC_ARC = YES;
				CLANG_WARN__DUPLICATE_METHOD_MATCH = YES;
				"CODE_SIGN_IDENTITY[sdk=iphoneos*]" = "iPhone Developer";
				COPY_PHASE_STRIP = YES;
				GCC_C_LANGUAGE_STANDARD = gnu99;
				GCC_VERSION = com.apple.compilers.llvm.clang.1_0;
				GCC_WARN_ABOUT_RETURN_TYPE = YES;
				GCC_WARN_UNINITIALIZED_AUTOS = YES;
				GCC_WARN_UNUSED_VARIABLE = YES;
				IPHONEOS_DEPLOYMENT_TARGET = 5.1;
				OTHER_CFLAGS = "-DNS_BLOCK_ASSERTIONS=1";
				SDKROOT = iphoneos;
				VALIDATE_PRODUCT = YES;
			};
			name = Release;
		};
		2C52CA2718871BDD00ACFC81 /* Debug */ = {
			isa = XCBuildConfiguration;
			buildSettings = {
				GCC_PRECOMPILE_PREFIX_HEADER = YES;
				GCC_PREFIX_HEADER = "Quiz/Quiz-Prefix.pch";
				INFOPLIST_FILE = "Quiz/Quiz-Info.plist";
				PRODUCT_NAME = "$(TARGET_NAME)";
				WRAPPER_EXTENSION = app;
			};
			name = Debug;
		};
		2C52CA2818871BDD00ACFC81 /* Release */ = {
			isa = XCBuildConfiguration;
			buildSettings = {
				GCC_PRECOMPILE_PREFIX_HEADER = YES;
				GCC_PREFIX_HEADER = "Quiz/Quiz-Prefix.pch";
				INFOPLIST_FILE = "Quiz/Quiz-Info.plist";
				PRODUCT_NAME = "$(TARGET_NAME)";
				WRAPPER_EXTENSION = app;
			};
			name = Release;
		};
		2C52CA2A18871BDD00ACFC81 /* Debug */ = {
			isa = XCBuildConfiguration;
			buildSettings = {
				BUNDLE_LOADER = "$(BUILT_PRODUCTS_DIR)/Quiz.app/Quiz";
				FRAMEWORK_SEARCH_PATHS = (
					"\"$(SDKROOT)/Developer/Library/Frameworks\"",
					"\"$(DEVELOPER_LIBRARY_DIR)/Frameworks\"",
				);
				GCC_PRECOMPILE_PREFIX_HEADER = YES;
				GCC_PREFIX_HEADER = "Quiz/Quiz-Prefix.pch";
				INFOPLIST_FILE = "QuizTests/QuizTests-Info.plist";
				PRODUCT_NAME = "$(TARGET_NAME)";
				TEST_HOST = "$(BUNDLE_LOADER)";
				WRAPPER_EXTENSION = octest;
			};
			name = Debug;
		};
		2C52CA2B18871BDD00ACFC81 /* Release */ = {
			isa = XCBuildConfiguration;
			buildSettings = {
				BUNDLE_LOADER = "$(BUILT_PRODUCTS_DIR)/Quiz.app/Quiz";
				FRAMEWORK_SEARCH_PATHS = (
					"\"$(SDKROOT)/Developer/Library/Frameworks\"",
					"\"$(DEVELOPER_LIBRARY_DIR)/Frameworks\"",
				);
				GCC_PRECOMPILE_PREFIX_HEADER = YES;
				GCC_PREFIX_HEADER = "Quiz/Quiz-Prefix.pch";
				INFOPLIST_FILE = "QuizTests/QuizTests-Info.plist";
				PRODUCT_NAME = "$(TARGET_NAME)";
				TEST_HOST = "$(BUNDLE_LOADER)";
				WRAPPER_EXTENSION = octest;
			};
			name = Release;
		};
/* End XCBuildConfiguration section */

/* Begin XCConfigurationList section */
		2C52C9ED18871BDC00ACFC81 /* Build configuration list for PBXProject "Quiz" */ = {
			isa = XCConfigurationList;
			buildConfigurations = (
				2C52CA2418871BDD00ACFC81 /* Debug */,
				2C52CA2518871BDD00ACFC81 /* Release */,
			);
			defaultConfigurationIsVisible = 0;
			defaultConfigurationName = Release;
		};
		2C52CA2618871BDD00ACFC81 /* Build configuration list for PBXNativeTarget "Quiz" */ = {
			isa = XCConfigurationList;
			buildConfigurations = (
				2C52CA2718871BDD00ACFC81 /* Debug */,
				2C52CA2818871BDD00ACFC81 /* Release */,
			);
			defaultConfigurationIsVisible = 0;
		};
		2C52CA2918871BDD00ACFC81 /* Build configuration list for PBXNativeTarget "QuizTests" */ = {
			isa = XCConfigurationList;
			buildConfigurations = (
				2C52CA2A18871BDD00ACFC81 /* Debug */,
				2C52CA2B18871BDD00ACFC81 /* Release */,
			);
			defaultConfigurationIsVisible = 0;
		};
/* End XCConfigurationList section */
	};
	rootObject = 2C52C9EA18871BDC00ACFC81 /* Project object */;
}
